
Microsoft Visual Studio Solution File, Format Version 12.00
# Visual Studio Version 17
VisualStudioVersion = 17.9.34622.214
MinimumVisualStudioVersion = 10.0.40219.1
Project("{9A19103F-16F7-4668-BE54-9A1E7A4F7556}") = "Calculator", "Calculator\Calculator.csproj", "{F2967187-416B-4413-BE6F-D1A4C3FB0B82}"
EndProject
Project("{FAE04EC0-301F-11D3-BF4B-00C04F79EFBC}") = "CalculatorLogic", "CalculatorLogic\CalculatorLogic.csproj", "{75E04B39-6A73-4B6A-AA1D-121870EE7227}"
EndProject
Project("{FAE04EC0-301F-11D3-BF4B-00C04F79EFBC}") = "CalculatorTests", "CalculatorTests\CalculatorTests.csproj", "{A3698BFA-B629-4FD4-AA6A-75EF02CF8741}"
EndProject
Global
	GlobalSection(SolutionConfigurationPlatforms) = preSolution
		Debug|Any CPU = Debug|Any CPU
		Release|Any CPU = Release|Any CPU
	EndGlobalSection
	GlobalSection(ProjectConfigurationPlatforms) = postSolution
		{F2967187-416B-4413-BE6F-D1A4C3FB0B82}.Debug|Any CPU.ActiveCfg = Debug|Any CPU
		{F2967187-416B-4413-BE6F-D1A4C3FB0B82}.Debug|Any CPU.Build.0 = Debug|Any CPU
		{F2967187-416B-4413-BE6F-D1A4C3FB0B82}.Release|Any CPU.ActiveCfg = Release|Any CPU
		{F2967187-416B-4413-BE6F-D1A4C3FB0B82}.Release|Any CPU.Build.0 = Release|Any CPU
		{75E04B39-6A73-4B6A-AA1D-121870EE7227}.Debug|Any CPU.ActiveCfg = Debug|Any CPU
		{75E04B39-6A73-4B6A-AA1D-121870EE7227}.Debug|Any CPU.Build.0 = Debug|Any CPU
		{75E04B39-6A73-4B6A-AA1D-121870EE7227}.Release|Any CPU.ActiveCfg = Release|Any CPU
		{75E04B39-6A73-4B6A-AA1D-121870EE7227}.Release|Any CPU.Build.0 = Release|Any CPU
		{A3698BFA-B629-4FD4-AA6A-75EF02CF8741}.Debug|Any CPU.ActiveCfg = Debug|Any CPU
		{A3698BFA-B629-4FD4-AA6A-75EF02CF8741}.Debug|Any CPU.Build.0 = Debug|Any CPU
		{A3698BFA-B629-4FD4-AA6A-75EF02CF8741}.Release|Any CPU.ActiveCfg = Release|Any CPU
		{A3698BFA-B629-4FD4-AA6A-75EF02CF8741}.Release|Any CPU.Build.0 = Release|Any CPU
	EndGlobalSection
	GlobalSection(SolutionProperties) = preSolution
		HideSolutionNode = FALSE
	EndGlobalSection
	GlobalSection(ExtensibilityGlobals) = postSolution
		SolutionGuid = {AE4DA862-DDAD-4B9A-98BD-2540D2D1BC5A}
	EndGlobalSection
EndGlobal
