
Microsoft Visual Studio Solution File, Format Version 12.00
# Visual Studio Version 17
VisualStudioVersion = 17.7.34009.444
MinimumVisualStudioVersion = 10.0.40219.1
Project("{8BC9CEB8-8B4A-11D0-8D11-00A0C91BC942}") = "CyclicList", "CyclicList.vcxproj", "{35EA3D67-18A0-4428-8590-111517A58AFC}"
EndProject
Global
	GlobalSection(SolutionConfigurationPlatforms) = preSolution
		Debug|x64 = Debug|x64
		Debug|x86 = Debug|x86
		Release|x64 = Release|x64
		Release|x86 = Release|x86
	EndGlobalSection
	GlobalSection(ProjectConfigurationPlatforms) = postSolution
		{35EA3D67-18A0-4428-8590-111517A58AFC}.Debug|x64.ActiveCfg = Debug|x64
		{35EA3D67-18A0-4428-8590-111517A58AFC}.Debug|x64.Build.0 = Debug|x64
		{35EA3D67-18A0-4428-8590-111517A58AFC}.Debug|x86.ActiveCfg = Debug|Win32
		{35EA3D67-18A0-4428-8590-111517A58AFC}.Debug|x86.Build.0 = Debug|Win32
		{35EA3D67-18A0-4428-8590-111517A58AFC}.Release|x64.ActiveCfg = Release|x64
		{35EA3D67-18A0-4428-8590-111517A58AFC}.Release|x64.Build.0 = Release|x64
		{35EA3D67-18A0-4428-8590-111517A58AFC}.Release|x86.ActiveCfg = Release|Win32
		{35EA3D67-18A0-4428-8590-111517A58AFC}.Release|x86.Build.0 = Release|Win32
	EndGlobalSection
	GlobalSection(SolutionProperties) = preSolution
		HideSolutionNode = FALSE
	EndGlobalSection
	GlobalSection(ExtensibilityGlobals) = postSolution
		SolutionGuid = {F3CD72C1-9713-4D20-9AFF-0FAAC0B0D98C}
	EndGlobalSection
EndGlobal
